
Microsoft Visual Studio Solution File, Format Version 12.00
# Visual Studio Version 16
VisualStudioVersion = 16.0.31613.86
MinimumVisualStudioVersion = 10.0.40219.1
Project("{FAE04EC0-301F-11D3-BF4B-00C04F79EFBC}") = "MainGateway", "MainGateway.csproj", "{DDBBC978-7293-4E4E-93F4-C6B4E932B8D2}"
EndProject
Global
	GlobalSection(SolutionConfigurationPlatforms) = preSolution
		Debug|Any CPU = Debug|Any CPU
		Release|Any CPU = Release|Any CPU
	EndGlobalSection
	GlobalSection(ProjectConfigurationPlatforms) = postSolution
		{DDBBC978-7293-4E4E-93F4-C6B4E932B8D2}.Debug|Any CPU.ActiveCfg = Debug|Any CPU
		{DDBBC978-7293-4E4E-93F4-C6B4E932B8D2}.Debug|Any CPU.Build.0 = Debug|Any CPU
		{DDBBC978-7293-4E4E-93F4-C6B4E932B8D2}.Release|Any CPU.ActiveCfg = Release|Any CPU
		{DDBBC978-7293-4E4E-93F4-C6B4E932B8D2}.Release|Any CPU.Build.0 = Release|Any CPU
	EndGlobalSection
	GlobalSection(SolutionProperties) = preSolution
		HideSolutionNode = FALSE
	EndGlobalSection
	GlobalSection(ExtensibilityGlobals) = postSolution
		SolutionGuid = {448C6B0A-61EC-4904-9578-F72609DF1AC5}
	EndGlobalSection
EndGlobal
